
Microsoft Visual Studio Solution File, Format Version 12.00
# Visual Studio Version 17
VisualStudioVersion = 17.13.35931.197
MinimumVisualStudioVersion = 10.0.40219.1
Project("{FAE04EC0-301F-11D3-BF4B-00C04F79EFBC}") = "ApiBreweryManagement", "ApiBreweryManagement\ApiBreweryManagement.csproj", "{2F842054-89E8-4524-B386-DC6812DECD19}"
EndProject
Project("{FAE04EC0-301F-11D3-BF4B-00C04F79EFBC}") = "ApiBreweryManagement.Tests", "ApiBreweryManagement.Tests\ApiBreweryManagement.Tests.csproj", "{6FA9EB33-EBED-4195-966D-EEA6A3A9D07D}"
EndProject
Global
	GlobalSection(SolutionConfigurationPlatforms) = preSolution
		Debug|Any CPU = Debug|Any CPU
		Release|Any CPU = Release|Any CPU
	EndGlobalSection
	GlobalSection(ProjectConfigurationPlatforms) = postSolution
		{2F842054-89E8-4524-B386-DC6812DECD19}.Debug|Any CPU.ActiveCfg = Debug|Any CPU
		{2F842054-89E8-4524-B386-DC6812DECD19}.Debug|Any CPU.Build.0 = Debug|Any CPU
		{2F842054-89E8-4524-B386-DC6812DECD19}.Release|Any CPU.ActiveCfg = Release|Any CPU
		{2F842054-89E8-4524-B386-DC6812DECD19}.Release|Any CPU.Build.0 = Release|Any CPU
		{6FA9EB33-EBED-4195-966D-EEA6A3A9D07D}.Debug|Any CPU.ActiveCfg = Debug|Any CPU
		{6FA9EB33-EBED-4195-966D-EEA6A3A9D07D}.Debug|Any CPU.Build.0 = Debug|Any CPU
		{6FA9EB33-EBED-4195-966D-EEA6A3A9D07D}.Release|Any CPU.ActiveCfg = Release|Any CPU
		{6FA9EB33-EBED-4195-966D-EEA6A3A9D07D}.Release|Any CPU.Build.0 = Release|Any CPU
	EndGlobalSection
	GlobalSection(SolutionProperties) = preSolution
		HideSolutionNode = FALSE
	EndGlobalSection
	GlobalSection(ExtensibilityGlobals) = postSolution
		SolutionGuid = {3666F91D-F315-4E9E-A75E-D37D6020FEAA}
	EndGlobalSection
EndGlobal
